
Microsoft Visual Studio Solution File, Format Version 12.00
# Visual Studio Version 16
VisualStudioVersion = 16.0.30611.23
MinimumVisualStudioVersion = 10.0.40219.1
Project("{FAE04EC0-301F-11D3-BF4B-00C04F79EFBC}") = "TestBRQ", "TestBRQ.csproj", "{96F7F87F-AFC8-4FE1-98FC-24EF14275FC8}"
EndProject
Global
	GlobalSection(SolutionConfigurationPlatforms) = preSolution
		Debug|Any CPU = Debug|Any CPU
		Release|Any CPU = Release|Any CPU
	EndGlobalSection
	GlobalSection(ProjectConfigurationPlatforms) = postSolution
		{96F7F87F-AFC8-4FE1-98FC-24EF14275FC8}.Debug|Any CPU.ActiveCfg = Debug|Any CPU
		{96F7F87F-AFC8-4FE1-98FC-24EF14275FC8}.Debug|Any CPU.Build.0 = Debug|Any CPU
		{96F7F87F-AFC8-4FE1-98FC-24EF14275FC8}.Release|Any CPU.ActiveCfg = Release|Any CPU
		{96F7F87F-AFC8-4FE1-98FC-24EF14275FC8}.Release|Any CPU.Build.0 = Release|Any CPU
	EndGlobalSection
	GlobalSection(SolutionProperties) = preSolution
		HideSolutionNode = FALSE
	EndGlobalSection
	GlobalSection(ExtensibilityGlobals) = postSolution
		SolutionGuid = {10315599-F9B1-485B-8497-10B0DC39049E}
	EndGlobalSection
EndGlobal
